// !$*UTF8*$!
{
	archiveVersion = 1;
	classes = {
	};
	objectVersion = 56;
	objects = {

/* Begin PBXBuildFile section */
		AD3CB07E2A00004300FA2550 /* SetGameApp.swift in Sources */ = {isa = PBXBuildFile; fileRef = AD3CB07D2A00004300FA2550 /* SetGameApp.swift */; };
		AD3CB0802A00004300FA2550 /* ContentView.swift in Sources */ = {isa = PBXBuildFile; fileRef = AD3CB07F2A00004300FA2550 /* ContentView.swift */; };
		AD3CB0822A00004400FA2550 /* Assets.xcassets in Resources */ = {isa = PBXBuildFile; fileRef = AD3CB0812A00004400FA2550 /* Assets.xcassets */; };
		AD3CB0852A00004400FA2550 /* Preview Assets.xcassets in Resources */ = {isa = PBXBuildFile; fileRef = AD3CB0842A00004400FA2550 /* Preview Assets.xcassets */; };
		AD3CB08F2A00004400FA2550 /* SetCardsTests.swift in Sources */ = {isa = PBXBuildFile; fileRef = AD3CB08E2A00004400FA2550 /* SetCardsTests.swift */; };
		AD3CB0992A00004400FA2550 /* SetGameUITests.swift in Sources */ = {isa = PBXBuildFile; fileRef = AD3CB0982A00004400FA2550 /* SetGameUITests.swift */; };
		AD3CB09B2A00004400FA2550 /* SetGameUITestsLaunchTests.swift in Sources */ = {isa = PBXBuildFile; fileRef = AD3CB09A2A00004400FA2550 /* SetGameUITestsLaunchTests.swift */; };
		AD3CB0A82A00015000FA2550 /* SetGame.swift in Sources */ = {isa = PBXBuildFile; fileRef = AD3CB0A72A00015000FA2550 /* SetGame.swift */; };
/* End PBXBuildFile section */

/* Begin PBXContainerItemProxy section */
		AD3CB08B2A00004400FA2550 /* PBXContainerItemProxy */ = {
			isa = PBXContainerItemProxy;
			containerPortal = AD3CB0722A00004300FA2550 /* Project object */;
			proxyType = 1;
			remoteGlobalIDString = AD3CB0792A00004300FA2550;
			remoteInfo = SetGame;
		};
		AD3CB0952A00004400FA2550 /* PBXContainerItemProxy */ = {
			isa = PBXContainerItemProxy;
			containerPortal = AD3CB0722A00004300FA2550 /* Project object */;
			proxyType = 1;
			remoteGlobalIDString = AD3CB0792A00004300FA2550;
			remoteInfo = SetGame;
		};
/* End PBXContainerItemProxy section */

/* Begin PBXFileReference section */
		AD3CB07A2A00004300FA2550 /* SetGame.app */ = {isa = PBXFileReference; explicitFileType = wrapper.application; includeInIndex = 0; path = SetGame.app; sourceTree = BUILT_PRODUCTS_DIR; };
		AD3CB07D2A00004300FA2550 /* SetGameApp.swift */ = {isa = PBXFileReference; lastKnownFileType = sourcecode.swift; path = SetGameApp.swift; sourceTree = "<group>"; };
		AD3CB07F2A00004300FA2550 /* ContentView.swift */ = {isa = PBXFileReference; lastKnownFileType = sourcecode.swift; path = ContentView.swift; sourceTree = "<group>"; };
		AD3CB0812A00004400FA2550 /* Assets.xcassets */ = {isa = PBXFileReference; lastKnownFileType = folder.assetcatalog; path = Assets.xcassets; sourceTree = "<group>"; };
		AD3CB0842A00004400FA2550 /* Preview Assets.xcassets */ = {isa = PBXFileReference; lastKnownFileType = folder.assetcatalog; path = "Preview Assets.xcassets"; sourceTree = "<group>"; };
		AD3CB08A2A00004400FA2550 /* SetGameTests.xctest */ = {isa = PBXFileReference; explicitFileType = wrapper.cfbundle; includeInIndex = 0; path = SetGameTests.xctest; sourceTree = BUILT_PRODUCTS_DIR; };
		AD3CB08E2A00004400FA2550 /* SetCardsTests.swift */ = {isa = PBXFileReference; lastKnownFileType = sourcecode.swift; path = SetCardsTests.swift; sourceTree = "<group>"; };
		AD3CB0942A00004400FA2550 /* SetGameUITests.xctest */ = {isa = PBXFileReference; explicitFileType = wrapper.cfbundle; includeInIndex = 0; path = SetGameUITests.xctest; sourceTree = BUILT_PRODUCTS_DIR; };
		AD3CB0982A00004400FA2550 /* SetGameUITests.swift */ = {isa = PBXFileReference; lastKnownFileType = sourcecode.swift; path = SetGameUITests.swift; sourceTree = "<group>"; };
		AD3CB09A2A00004400FA2550 /* SetGameUITestsLaunchTests.swift */ = {isa = PBXFileReference; lastKnownFileType = sourcecode.swift; path = SetGameUITestsLaunchTests.swift; sourceTree = "<group>"; };
		AD3CB0A72A00015000FA2550 /* SetGame.swift */ = {isa = PBXFileReference; lastKnownFileType = sourcecode.swift; path = SetGame.swift; sourceTree = "<group>"; };
/* End PBXFileReference section */

/* Begin PBXFrameworksBuildPhase section */
		AD3CB0772A00004300FA2550 /* Frameworks */ = {
			isa = PBXFrameworksBuildPhase;
			buildActionMask = 2147483647;
			files = (
			);
			runOnlyForDeploymentPostprocessing = 0;
		};
		AD3CB0872A00004400FA2550 /* Frameworks */ = {
			isa = PBXFrameworksBuildPhase;
			buildActionMask = 2147483647;
			files = (
			);
			runOnlyForDeploymentPostprocessing = 0;
		};
		AD3CB0912A00004400FA2550 /* Frameworks */ = {
			isa = PBXFrameworksBuildPhase;
			buildActionMask = 2147483647;
			files = (
			);
			runOnlyForDeploymentPostprocessing = 0;
		};
/* End PBXFrameworksBuildPhase section */

/* Begin PBXGroup section */
		AD3CB0712A00004300FA2550 = {
			isa = PBXGroup;
			children = (
				AD3CB07C2A00004300FA2550 /* SetGame */,
				AD3CB08D2A00004400FA2550 /* SetGameTests */,
				AD3CB0972A00004400FA2550 /* SetGameUITests */,
				AD3CB07B2A00004300FA2550 /* Products */,
			);
			sourceTree = "<group>";
		};
		AD3CB07B2A00004300FA2550 /* Products */ = {
			isa = PBXGroup;
			children = (
				AD3CB07A2A00004300FA2550 /* SetGame.app */,
				AD3CB08A2A00004400FA2550 /* SetGameTests.xctest */,
				AD3CB0942A00004400FA2550 /* SetGameUITests.xctest */,
			);
			name = Products;
			sourceTree = "<group>";
		};
		AD3CB07C2A00004300FA2550 /* SetGame */ = {
			isa = PBXGroup;
			children = (
				AD3CB07D2A00004300FA2550 /* SetGameApp.swift */,
				AD3CB07F2A00004300FA2550 /* ContentView.swift */,
				AD3CB0812A00004400FA2550 /* Assets.xcassets */,
				AD3CB0832A00004400FA2550 /* Preview Content */,
				AD3CB0A72A00015000FA2550 /* SetGame.swift */,
			);
			path = SetGame;
			sourceTree = "<group>";
		};
		AD3CB0832A00004400FA2550 /* Preview Content */ = {
			isa = PBXGroup;
			children = (
				AD3CB0842A00004400FA2550 /* Preview Assets.xcassets */,
			);
			path = "Preview Content";
			sourceTree = "<group>";
		};
		AD3CB08D2A00004400FA2550 /* SetGameTests */ = {
			isa = PBXGroup;
			children = (
				AD3CB08E2A00004400FA2550 /* SetCardsTests.swift */,
			);
			path = SetGameTests;
			sourceTree = "<group>";
		};
		AD3CB0972A00004400FA2550 /* SetGameUITests */ = {
			isa = PBXGroup;
			children = (
				AD3CB0982A00004400FA2550 /* SetGameUITests.swift */,
				AD3CB09A2A00004400FA2550 /* SetGameUITestsLaunchTests.swift */,
			);
			path = SetGameUITests;
			sourceTree = "<group>";
		};
/* End PBXGroup section */

/* Begin PBXNativeTarget section */
		AD3CB0792A00004300FA2550 /* SetGame */ = {
			isa = PBXNativeTarget;
			buildConfigurationList = AD3CB09E2A00004400FA2550 /* Build configuration list for PBXNativeTarget "SetGame" */;
			buildPhases = (
				AD3CB0762A00004300FA2550 /* Sources */,
				AD3CB0772A00004300FA2550 /* Frameworks */,
				AD3CB0782A00004300FA2550 /* Resources */,
			);
			buildRules = (
			);
			dependencies = (
			);
			name = SetGame;
			productName = SetGame;
			productReference = AD3CB07A2A00004300FA2550 /* SetGame.app */;
			productType = "com.apple.product-type.application";
		};
		AD3CB0892A00004400FA2550 /* SetGameTests */ = {
			isa = PBXNativeTarget;
			buildConfigurationList = AD3CB0A12A00004400FA2550 /* Build configuration list for PBXNativeTarget "SetGameTests" */;
			buildPhases = (
				AD3CB0862A00004400FA2550 /* Sources */,
				AD3CB0872A00004400FA2550 /* Frameworks */,
				AD3CB0882A00004400FA2550 /* Resources */,
			);
			buildRules = (
			);
			dependencies = (
				AD3CB08C2A00004400FA2550 /* PBXTargetDependency */,
			);
			name = SetGameTests;
			productName = SetGameTests;
			productReference = AD3CB08A2A00004400FA2550 /* SetGameTests.xctest */;
			productType = "com.apple.product-type.bundle.unit-test";
		};
		AD3CB0932A00004400FA2550 /* SetGameUITests */ = {
			isa = PBXNativeTarget;
			buildConfigurationList = AD3CB0A42A00004400FA2550 /* Build configuration list for PBXNativeTarget "SetGameUITests" */;
			buildPhases = (
				AD3CB0902A00004400FA2550 /* Sources */,
				AD3CB0912A00004400FA2550 /* Frameworks */,
				AD3CB0922A00004400FA2550 /* Resources */,
			);
			buildRules = (
			);
			dependencies = (
				AD3CB0962A00004400FA2550 /* PBXTargetDependency */,
			);
			name = SetGameUITests;
			productName = SetGameUITests;
			productReference = AD3CB0942A00004400FA2550 /* SetGameUITests.xctest */;
			productType = "com.apple.product-type.bundle.ui-testing";
		};
/* End PBXNativeTarget section */

/* Begin PBXProject section */
		AD3CB0722A00004300FA2550 /* Project object */ = {
			isa = PBXProject;
			attributes = {
				BuildIndependentTargetsInParallel = 1;
				LastSwiftUpdateCheck = 1400;
				LastUpgradeCheck = 1400;
				TargetAttributes = {
					AD3CB0792A00004300FA2550 = {
						CreatedOnToolsVersion = 14.0.1;
					};
					AD3CB0892A00004400FA2550 = {
						CreatedOnToolsVersion = 14.0.1;
						TestTargetID = AD3CB0792A00004300FA2550;
					};
					AD3CB0932A00004400FA2550 = {
						CreatedOnToolsVersion = 14.0.1;
						TestTargetID = AD3CB0792A00004300FA2550;
					};
				};
			};
			buildConfigurationList = AD3CB0752A00004300FA2550 /* Build configuration list for PBXProject "SetGame" */;
			compatibilityVersion = "Xcode 14.0";
			developmentRegion = en;
			hasScannedForEncodings = 0;
			knownRegions = (
				en,
				Base,
			);
			mainGroup = AD3CB0712A00004300FA2550;
			productRefGroup = AD3CB07B2A00004300FA2550 /* Products */;
			projectDirPath = "";
			projectRoot = "";
			targets = (
				AD3CB0792A00004300FA2550 /* SetGame */,
				AD3CB0892A00004400FA2550 /* SetGameTests */,
				AD3CB0932A00004400FA2550 /* SetGameUITests */,
			);
		};
/* End PBXProject section */

/* Begin PBXResourcesBuildPhase section */
		AD3CB0782A00004300FA2550 /* Resources */ = {
			isa = PBXResourcesBuildPhase;
			buildActionMask = 2147483647;
			files = (
				AD3CB0852A00004400FA2550 /* Preview Assets.xcassets in Resources */,
				AD3CB0822A00004400FA2550 /* Assets.xcassets in Resources */,
			);
			runOnlyForDeploymentPostprocessing = 0;
		};
		AD3CB0882A00004400FA2550 /* Resources */ = {
			isa = PBXResourcesBuildPhase;
			buildActionMask = 2147483647;
			files = (
			);
			runOnlyForDeploymentPostprocessing = 0;
		};
		AD3CB0922A00004400FA2550 /* Resources */ = {
			isa = PBXResourcesBuildPhase;
			buildActionMask = 2147483647;
			files = (
			);
			runOnlyForDeploymentPostprocessing = 0;
		};
/* End PBXResourcesBuildPhase section */

/* Begin PBXSourcesBuildPhase section */
		AD3CB0762A00004300FA2550 /* Sources */ = {
			isa = PBXSourcesBuildPhase;
			buildActionMask = 2147483647;
			files = (
				AD3CB0802A00004300FA2550 /* ContentView.swift in Sources */,
				AD3CB0A82A00015000FA2550 /* SetGame.swift in Sources */,
				AD3CB07E2A00004300FA2550 /* SetGameApp.swift in Sources */,
			);
			runOnlyForDeploymentPostprocessing = 0;
		};
		AD3CB0862A00004400FA2550 /* Sources */ = {
			isa = PBXSourcesBuildPhase;
			buildActionMask = 2147483647;
			files = (
				AD3CB08F2A00004400FA2550 /* SetCardsTests.swift in Sources */,
			);
			runOnlyForDeploymentPostprocessing = 0;
		};
		AD3CB0902A00004400FA2550 /* Sources */ = {
			isa = PBXSourcesBuildPhase;
			buildActionMask = 2147483647;
			files = (
				AD3CB0992A00004400FA2550 /* SetGameUITests.swift in Sources */,
				AD3CB09B2A00004400FA2550 /* SetGameUITestsLaunchTests.swift in Sources */,
			);
			runOnlyForDeploymentPostprocessing = 0;
		};
/* End PBXSourcesBuildPhase section */

/* Begin PBXTargetDependency section */
		AD3CB08C2A00004400FA2550 /* PBXTargetDependency */ = {
			isa = PBXTargetDependency;
			target = AD3CB0792A00004300FA2550 /* SetGame */;
			targetProxy = AD3CB08B2A00004400FA2550 /* PBXContainerItemProxy */;
		};
		AD3CB0962A00004400FA2550 /* PBXTargetDependency */ = {
			isa = PBXTargetDependency;
			target = AD3CB0792A00004300FA2550 /* SetGame */;
			targetProxy = AD3CB0952A00004400FA2550 /* PBXContainerItemProxy */;
		};
/* End PBXTargetDependency section */

/* Begin XCBuildConfiguration section */
		AD3CB09C2A00004400FA2550 /* Debug */ = {
			isa = XCBuildConfiguration;
			buildSettings = {
				ALWAYS_SEARCH_USER_PATHS = NO;
				CLANG_ANALYZER_NONNULL = YES;
				CLANG_ANALYZER_NUMBER_OBJECT_CONVERSION = YES_AGGRESSIVE;
				CLANG_CXX_LANGUAGE_STANDARD = "gnu++20";
				CLANG_ENABLE_MODULES = YES;
				CLANG_ENABLE_OBJC_ARC = YES;
				CLANG_ENABLE_OBJC_WEAK = YES;
				CLANG_WARN_BLOCK_CAPTURE_AUTORELEASING = YES;
				CLANG_WARN_BOOL_CONVERSION = YES;
				CLANG_WARN_COMMA = YES;
				CLANG_WARN_CONSTANT_CONVERSION = YES;
				CLANG_WARN_DEPRECATED_OBJC_IMPLEMENTATIONS = YES;
				CLANG_WARN_DIRECT_OBJC_ISA_USAGE = YES_ERROR;
				CLANG_WARN_DOCUMENTATION_COMMENTS = YES;
				CLANG_WARN_EMPTY_BODY = YES;
				CLANG_WARN_ENUM_CONVERSION = YES;
				CLANG_WARN_INFINITE_RECURSION = YES;
				CLANG_WARN_INT_CONVERSION = YES;
				CLANG_WARN_NON_LITERAL_NULL_CONVERSION = YES;
				CLANG_WARN_OBJC_IMPLICIT_RETAIN_SELF = YES;
				CLANG_WARN_OBJC_LITERAL_CONVERSION = YES;
				CLANG_WARN_OBJC_ROOT_CLASS = YES_ERROR;
				CLANG_WARN_QUOTED_INCLUDE_IN_FRAMEWORK_HEADER = YES;
				CLANG_WARN_RANGE_LOOP_ANALYSIS = YES;
				CLANG_WARN_STRICT_PROTOTYPES = YES;
				CLANG_WARN_SUSPICIOUS_MOVE = YES;
				CLANG_WARN_UNGUARDED_AVAILABILITY = YES_AGGRESSIVE;
				CLANG_WARN_UNREACHABLE_CODE = YES;
				CLANG_WARN__DUPLICATE_METHOD_MATCH = YES;
				COPY_PHASE_STRIP = NO;
				DEBUG_INFORMATION_FORMAT = dwarf;
				ENABLE_STRICT_OBJC_MSGSEND = YES;
				ENABLE_TESTABILITY = YES;
				GCC_C_LANGUAGE_STANDARD = gnu11;
				GCC_DYNAMIC_NO_PIC = NO;
				GCC_NO_COMMON_BLOCKS = YES;
				GCC_OPTIMIZATION_LEVEL = 0;
				GCC_PREPROCESSOR_DEFINITIONS = (
					"DEBUG=1",
					"$(inherited)",
				);
				GCC_WARN_64_TO_32_BIT_CONVERSION = YES;
				GCC_WARN_ABOUT_RETURN_TYPE = YES_ERROR;
				GCC_WARN_UNDECLARED_SELECTOR = YES;
				GCC_WARN_UNINITIALIZED_AUTOS = YES_AGGRESSIVE;
				GCC_WARN_UNUSED_FUNCTION = YES;
				GCC_WARN_UNUSED_VARIABLE = YES;
				IPHONEOS_DEPLOYMENT_TARGET = 16.0;
				MTL_ENABLE_DEBUG_INFO = INCLUDE_SOURCE;
				MTL_FAST_MATH = YES;
				ONLY_ACTIVE_ARCH = YES;
				SDKROOT = iphoneos;
				SWIFT_ACTIVE_COMPILATION_CONDITIONS = DEBUG;
				SWIFT_OPTIMIZATION_LEVEL = "-Onone";
			};
			name = Debug;
		};
		AD3CB09D2A00004400FA2550 /* Release */ = {
			isa = XCBuildConfiguration;
			buildSettings = {
				ALWAYS_SEARCH_USER_PATHS = NO;
				CLANG_ANALYZER_NONNULL = YES;
				CLANG_ANALYZER_NUMBER_OBJECT_CONVERSION = YES_AGGRESSIVE;
				CLANG_CXX_LANGUAGE_STANDARD = "gnu++20";
				CLANG_ENABLE_MODULES = YES;
				CLANG_ENABLE_OBJC_ARC = YES;
				CLANG_ENABLE_OBJC_WEAK = YES;
				CLANG_WARN_BLOCK_CAPTURE_AUTORELEASING = YES;
				CLANG_WARN_BOOL_CONVERSION = YES;
				CLANG_WARN_COMMA = YES;
				CLANG_WARN_CONSTANT_CONVERSION = YES;
				CLANG_WARN_DEPRECATED_OBJC_IMPLEMENTATIONS = YES;
				CLANG_WARN_DIRECT_OBJC_ISA_USAGE = YES_ERROR;
				CLANG_WARN_DOCUMENTATION_COMMENTS = YES;
				CLANG_WARN_EMPTY_BODY = YES;
				CLANG_WARN_ENUM_CONVERSION = YES;
				CLANG_WARN_INFINITE_RECURSION = YES;
				CLANG_WARN_INT_CONVERSION = YES;
				CLANG_WARN_NON_LITERAL_NULL_CONVERSION = YES;
				CLANG_WARN_OBJC_IMPLICIT_RETAIN_SELF = YES;
				CLANG_WARN_OBJC_LITERAL_CONVERSION = YES;
				CLANG_WARN_OBJC_ROOT_CLASS = YES_ERROR;
				CLANG_WARN_QUOTED_INCLUDE_IN_FRAMEWORK_HEADER = YES;
				CLANG_WARN_RANGE_LOOP_ANALYSIS = YES;
				CLANG_WARN_STRICT_PROTOTYPES = YES;
				CLANG_WARN_SUSPICIOUS_MOVE = YES;
				CLANG_WARN_UNGUARDED_AVAILABILITY = YES_AGGRESSIVE;
				CLANG_WARN_UNREACHABLE_CODE = YES;
				CLANG_WARN__DUPLICATE_METHOD_MATCH = YES;
				COPY_PHASE_STRIP = NO;
				DEBUG_INFORMATION_FORMAT = "dwarf-with-dsym";
				ENABLE_NS_ASSERTIONS = NO;
				ENABLE_STRICT_OBJC_MSGSEND = YES;
				GCC_C_LANGUAGE_STANDARD = gnu11;
				GCC_NO_COMMON_BLOCKS = YES;
				GCC_WARN_64_TO_32_BIT_CONVERSION = YES;
				GCC_WARN_ABOUT_RETURN_TYPE = YES_ERROR;
				GCC_WARN_UNDECLARED_SELECTOR = YES;
				GCC_WARN_UNINITIALIZED_AUTOS = YES_AGGRESSIVE;
				GCC_WARN_UNUSED_FUNCTION = YES;
				GCC_WARN_UNUSED_VARIABLE = YES;
				IPHONEOS_DEPLOYMENT_TARGET = 16.0;
				MTL_ENABLE_DEBUG_INFO = NO;
				MTL_FAST_MATH = YES;
				SDKROOT = iphoneos;
				SWIFT_COMPILATION_MODE = wholemodule;
				SWIFT_OPTIMIZATION_LEVEL = "-O";
				VALIDATE_PRODUCT = YES;
			};
			name = Release;
		};
		AD3CB09F2A00004400FA2550 /* Debug */ = {
			isa = XCBuildConfiguration;
			buildSettings = {
				ASSETCATALOG_COMPILER_APPICON_NAME = AppIcon;
				ASSETCATALOG_COMPILER_GLOBAL_ACCENT_COLOR_NAME = AccentColor;
				CODE_SIGN_STYLE = Automatic;
				CURRENT_PROJECT_VERSION = 1;
				DEVELOPMENT_ASSET_PATHS = "\"SetGame/Preview Content\"";
				DEVELOPMENT_TEAM = 92PM3S6N2B;
				ENABLE_PREVIEWS = YES;
				GENERATE_INFOPLIST_FILE = YES;
				INFOPLIST_KEY_UIApplicationSceneManifest_Generation = YES;
				INFOPLIST_KEY_UIApplicationSupportsIndirectInputEvents = YES;
				INFOPLIST_KEY_UILaunchScreen_Generation = YES;
				INFOPLIST_KEY_UISupportedInterfaceOrientations_iPad = "UIInterfaceOrientationPortrait UIInterfaceOrientationPortraitUpsideDown UIInterfaceOrientationLandscapeLeft UIInterfaceOrientationLandscapeRight";
				INFOPLIST_KEY_UISupportedInterfaceOrientations_iPhone = "UIInterfaceOrientationPortrait UIInterfaceOrientationLandscapeLeft UIInterfaceOrientationLandscapeRight";
				LD_RUNPATH_SEARCH_PATHS = (
					"$(inherited)",
					"@executable_path/Frameworks",
				);
				MARKETING_VERSION = 1.0;
				PRODUCT_BUNDLE_IDENTIFIER = rykov.slava.SetGame;
				PRODUCT_NAME = "$(TARGET_NAME)";
				SWIFT_EMIT_LOC_STRINGS = YES;
				SWIFT_VERSION = 5.0;
				TARGETED_DEVICE_FAMILY = "1,2";
			};
			name = Debug;
		};
		AD3CB0A02A00004400FA2550 /* Release */ = {
			isa = XCBuildConfiguration;
			buildSettings = {
				ASSETCATALOG_COMPILER_APPICON_NAME = AppIcon;
				ASSETCATALOG_COMPILER_GLOBAL_ACCENT_COLOR_NAME = AccentColor;
				CODE_SIGN_STYLE = Automatic;
				CURRENT_PROJECT_VERSION = 1;
				DEVELOPMENT_ASSET_PATHS = "\"SetGame/Preview Content\"";
				DEVELOPMENT_TEAM = 92PM3S6N2B;
				ENABLE_PREVIEWS = YES;
				GENERATE_INFOPLIST_FILE = YES;
				INFOPLIST_KEY_UIApplicationSceneManifest_Generation = YES;
				INFOPLIST_KEY_UIApplicationSupportsIndirectInputEvents = YES;
				INFOPLIST_KEY_UILaunchScreen_Generation = YES;
				INFOPLIST_KEY_UISupportedInterfaceOrientations_iPad = "UIInterfaceOrientationPortrait UIInterfaceOrientationPortraitUpsideDown UIInterfaceOrientationLandscapeLeft UIInterfaceOrientationLandscapeRight";
				INFOPLIST_KEY_UISupportedInterfaceOrientations_iPhone = "UIInterfaceOrientationPortrait UIInterfaceOrientationLandscapeLeft UIInterfaceOrientationLandscapeRight";
				LD_RUNPATH_SEARCH_PATHS = (
					"$(inherited)",
					"@executable_path/Frameworks",
				);
				MARKETING_VERSION = 1.0;
				PRODUCT_BUNDLE_IDENTIFIER = rykov.slava.SetGame;
				PRODUCT_NAME = "$(TARGET_NAME)";
				SWIFT_EMIT_LOC_STRINGS = YES;
				SWIFT_VERSION = 5.0;
				TARGETED_DEVICE_FAMILY = "1,2";
			};
			name = Release;
		};
		AD3CB0A22A00004400FA2550 /* Debug */ = {
			isa = XCBuildConfiguration;
			buildSettings = {
				ALWAYS_EMBED_SWIFT_STANDARD_LIBRARIES = YES;
				BUNDLE_LOADER = "$(TEST_HOST)";
				CODE_SIGN_STYLE = Automatic;
				CURRENT_PROJECT_VERSION = 1;
				DEVELOPMENT_TEAM = 92PM3S6N2B;
				GENERATE_INFOPLIST_FILE = YES;
				IPHONEOS_DEPLOYMENT_TARGET = 16.0;
				MARKETING_VERSION = 1.0;
				PRODUCT_BUNDLE_IDENTIFIER = rykov.slava.SetGameTests;
				PRODUCT_NAME = "$(TARGET_NAME)";
				SWIFT_EMIT_LOC_STRINGS = NO;
				SWIFT_VERSION = 5.0;
				TARGETED_DEVICE_FAMILY = "1,2";
				TEST_HOST = "$(BUILT_PRODUCTS_DIR)/SetGame.app/$(BUNDLE_EXECUTABLE_FOLDER_PATH)/SetGame";
			};
			name = Debug;
		};
		AD3CB0A32A00004400FA2550 /* Release */ = {
			isa = XCBuildConfiguration;
			buildSettings = {
				ALWAYS_EMBED_SWIFT_STANDARD_LIBRARIES = YES;
				BUNDLE_LOADER = "$(TEST_HOST)";
				CODE_SIGN_STYLE = Automatic;
				CURRENT_PROJECT_VERSION = 1;
				DEVELOPMENT_TEAM = 92PM3S6N2B;
				GENERATE_INFOPLIST_FILE = YES;
				IPHONEOS_DEPLOYMENT_TARGET = 16.0;
				MARKETING_VERSION = 1.0;
				PRODUCT_BUNDLE_IDENTIFIER = rykov.slava.SetGameTests;
				PRODUCT_NAME = "$(TARGET_NAME)";
				SWIFT_EMIT_LOC_STRINGS = NO;
				SWIFT_VERSION = 5.0;
				TARGETED_DEVICE_FAMILY = "1,2";
				TEST_HOST = "$(BUILT_PRODUCTS_DIR)/SetGame.app/$(BUNDLE_EXECUTABLE_FOLDER_PATH)/SetGame";
			};
			name = Release;
		};
		AD3CB0A52A00004400FA2550 /* Debug */ = {
			isa = XCBuildConfiguration;
			buildSettings = {
				ALWAYS_EMBED_SWIFT_STANDARD_LIBRARIES = YES;
				CODE_SIGN_STYLE = Automatic;
				CURRENT_PROJECT_VERSION = 1;
				DEVELOPMENT_TEAM = 92PM3S6N2B;
				GENERATE_INFOPLIST_FILE = YES;
				MARKETING_VERSION = 1.0;
				PRODUCT_BUNDLE_IDENTIFIER = rykov.slava.SetGameUITests;
				PRODUCT_NAME = "$(TARGET_NAME)";
				SWIFT_EMIT_LOC_STRINGS = NO;
				SWIFT_VERSION = 5.0;
				TARGETED_DEVICE_FAMILY = "1,2";
				TEST_TARGET_NAME = SetGame;
			};
			name = Debug;
		};
		AD3CB0A62A00004400FA2550 /* Release */ = {
			isa = XCBuildConfiguration;
			buildSettings = {
				ALWAYS_EMBED_SWIFT_STANDARD_LIBRARIES = YES;
				CODE_SIGN_STYLE = Automatic;
				CURRENT_PROJECT_VERSION = 1;
				DEVELOPMENT_TEAM = 92PM3S6N2B;
				GENERATE_INFOPLIST_FILE = YES;
				MARKETING_VERSION = 1.0;
				PRODUCT_BUNDLE_IDENTIFIER = rykov.slava.SetGameUITests;
				PRODUCT_NAME = "$(TARGET_NAME)";
				SWIFT_EMIT_LOC_STRINGS = NO;
				SWIFT_VERSION = 5.0;
				TARGETED_DEVICE_FAMILY = "1,2";
				TEST_TARGET_NAME = SetGame;
			};
			name = Release;
		};
/* End XCBuildConfiguration section */

/* Begin XCConfigurationList section */
		AD3CB0752A00004300FA2550 /* Build configuration list for PBXProject "SetGame" */ = {
			isa = XCConfigurationList;
			buildConfigurations = (
				AD3CB09C2A00004400FA2550 /* Debug */,
				AD3CB09D2A00004400FA2550 /* Release */,
			);
			defaultConfigurationIsVisible = 0;
			defaultConfigurationName = Release;
		};
		AD3CB09E2A00004400FA2550 /* Build configuration list for PBXNativeTarget "SetGame" */ = {
			isa = XCConfigurationList;
			buildConfigurations = (
				AD3CB09F2A00004400FA2550 /* Debug */,
				AD3CB0A02A00004400FA2550 /* Release */,
			);
			defaultConfigurationIsVisible = 0;
			defaultConfigurationName = Release;
		};
		AD3CB0A12A00004400FA2550 /* Build configuration list for PBXNativeTarget "SetGameTests" */ = {
			isa = XCConfigurationList;
			buildConfigurations = (
				AD3CB0A22A00004400FA2550 /* Debug */,
				AD3CB0A32A00004400FA2550 /* Release */,
			);
			defaultConfigurationIsVisible = 0;
			defaultConfigurationName = Release;
		};
		AD3CB0A42A00004400FA2550 /* Build configuration list for PBXNativeTarget "SetGameUITests" */ = {
			isa = XCConfigurationList;
			buildConfigurations = (
				AD3CB0A52A00004400FA2550 /* Debug */,
				AD3CB0A62A00004400FA2550 /* Release */,
			);
			defaultConfigurationIsVisible = 0;
			defaultConfigurationName = Release;
		};
/* End XCConfigurationList section */
	};
	rootObject = AD3CB0722A00004300FA2550 /* Project object */;
}
